// !$*UTF8*$!
{
	archiveVersion = 1;
	classes = {
	};
	objectVersion = 56;
	objects = {

/* Begin PBXBuildFile section */
		281B20DA2928DDA00065D5F4 /* 5_9_for.c in Sources */ = {isa = PBXBuildFile; fileRef = 281B20D92928DDA00065D5F4 /* 5_9_for.c */; };
		282F599729259C5200B91ECD /* 4_5_运算符的优先级和结核性.c in Sources */ = {isa = PBXBuildFile; fileRef = 282F599629259C5200B91ECD /* 4_5_运算符的优先级和结核性.c */; };
		282F599E2925AE6A00B91ECD /* 5_1_IF.c in Sources */ = {isa = PBXBuildFile; fileRef = 282F599D2925AE6A00B91ECD /* 5_1_IF.c */; };
		282F59A02925AFE600B91ECD /* 3_2_变量的作用域.c in Sources */ = {isa = PBXBuildFile; fileRef = 282F599F2925AFE600B91ECD /* 3_2_变量的作用域.c */; };
		28300BB2292D02440071A423 /* 7_1_文件包含指令.c in Sources */ = {isa = PBXBuildFile; fileRef = 28300BB1292D02440071A423 /* 7_1_文件包含指令.c */; };
		2832EEA3291AA0F90093D80C /* 4_3_scanf.c in Sources */ = {isa = PBXBuildFile; fileRef = 2832EEA2291AA0F90093D80C /* 4_3_scanf.c */; };
		2846105E292A67A900D07E42 /* 3_5_局部变量_全局变量.c in Sources */ = {isa = PBXBuildFile; fileRef = 2846105D292A67A900D07E42 /* 3_5_局部变量_全局变量.c */; };
		285491152938081B00B40525 /* 8_5_位运算.c in Sources */ = {isa = PBXBuildFile; fileRef = 285491142938081B00B40525 /* 8_5_位运算.c */; };
		2864D5DB2928EE27001BA886 /* 5_10_嵌套循环.c in Sources */ = {isa = PBXBuildFile; fileRef = 2864D5DA2928EE27001BA886 /* 5_10_嵌套循环.c */; };
		2864D5DD29290E27001BA886 /* 5_11_goto.c in Sources */ = {isa = PBXBuildFile; fileRef = 2864D5DC29290E27001BA886 /* 5_11_goto.c */; };
		2867949E29287ADC007DB97E /* 5_6_while.c in Sources */ = {isa = PBXBuildFile; fileRef = 2867949D29287ADC007DB97E /* 5_6_while.c */; };
		286794A02928D01A007DB97E /* 5_7_break_and_continue.c in Sources */ = {isa = PBXBuildFile; fileRef = 2867949F2928D01A007DB97E /* 5_7_break_and_continue.c */; };
		286794A22928D8BC007DB97E /* 5_8_do_while.c in Sources */ = {isa = PBXBuildFile; fileRef = 286794A12928D8BC007DB97E /* 5_8_do_while.c */; };
		28723D5E292F979100BFEB87 /* 7_2_多文件开发.c in Sources */ = {isa = PBXBuildFile; fileRef = 28723D5D292F979100BFEB87 /* 7_2_多文件开发.c */; };
		28723D62292F9C1B00BFEB87 /* mymath.c in Sources */ = {isa = PBXBuildFile; fileRef = 28723D61292F9C1B00BFEB87 /* mymath.c */; };
		28723D65292F9E5E00BFEB87 /* 8_2_进制.c in Sources */ = {isa = PBXBuildFile; fileRef = 28723D64292F9E5E00BFEB87 /* 8_2_进制.c */; };
		28A2A1FE2929DE3C00AE0F5C /* 6_1_main.c in Sources */ = {isa = PBXBuildFile; fileRef = 28A2A1FD2929DE3C00AE0F5C /* 6_1_main.c */; };
		28A7ABF8291BE04100670DF3 /* 4_1_数据转换类型.c in Sources */ = {isa = PBXBuildFile; fileRef = 28A7ABF7291BE04100670DF3 /* 4_1_数据转换类型.c */; };
		28A7ABFA291BE0F800670DF3 /* 4_2_printf.c in Sources */ = {isa = PBXBuildFile; fileRef = 28A7ABF9291BE0F800670DF3 /* 4_2_printf.c */; };
		28B8CE6A2926643900C5BA41 /* 5_2_IF_ELSE.c in Sources */ = {isa = PBXBuildFile; fileRef = 28B8CE692926643900C5BA41 /* 5_2_IF_ELSE.c */; };
		28B8CE6C29266A7200C5BA41 /* 5_3_IF_ELSE_IF.c in Sources */ = {isa = PBXBuildFile; fileRef = 28B8CE6B29266A7200C5BA41 /* 5_3_IF_ELSE_IF.c */; };
		28B8CE6E2926716D00C5BA41 /* 5_4_三元表达式.c in Sources */ = {isa = PBXBuildFile; fileRef = 28B8CE6D2926716D00C5BA41 /* 5_4_三元表达式.c */; };
		28B8CE70292674A500C5BA41 /* 3_4_如何产生1个随机数.c in Sources */ = {isa = PBXBuildFile; fileRef = 28B8CE6F292674A500C5BA41 /* 3_4_如何产生1个随机数.c */; };
		28C458B3291F1A80009B4F76 /* 4_3_scanf函数的缓冲区.c in Sources */ = {isa = PBXBuildFile; fileRef = 28C458B2291F1A80009B4F76 /* 4_3_scanf函数的缓冲区.c */; };
		28C458B5291F5693009B4F76 /* 3_3_交换两个变量的值.c in Sources */ = {isa = PBXBuildFile; fileRef = 28C458B4291F5693009B4F76 /* 3_3_交换两个变量的值.c */; };
		28C458B7291F7FD5009B4F76 /* 4_4_1_算术运算符_算术表达式.c in Sources */ = {isa = PBXBuildFile; fileRef = 28C458B6291F7FD5009B4F76 /* 4_4_1_算术运算符_算术表达式.c */; };
		28C458B9291F939A009B4F76 /* 4_4_2_赋值运算符.c in Sources */ = {isa = PBXBuildFile; fileRef = 28C458B8291F939A009B4F76 /* 4_4_2_赋值运算符.c */; };
		28C458BB291F956B009B4F76 /* 4_4_3_自增自减运算符.c in Sources */ = {isa = PBXBuildFile; fileRef = 28C458BA291F956B009B4F76 /* 4_4_3_自增自减运算符.c */; };
		28C458BD291F9A8C009B4F76 /* 4_4_4_逗号运算符_逗号表达式.c in Sources */ = {isa = PBXBuildFile; fileRef = 28C458BC291F9A8C009B4F76 /* 4_4_4_逗号运算符_逗号表达式.c */; };
		28C458BF291F9E8A009B4F76 /* 4_4_5_比较运算符_比较表达式.c in Sources */ = {isa = PBXBuildFile; fileRef = 28C458BE291F9E8A009B4F76 /* 4_4_5_比较运算符_比较表达式.c */; };
		28C458C4291FB046009B4F76 /* 4_4_6_逻辑运算符_逻辑表达式.c in Sources */ = {isa = PBXBuildFile; fileRef = 28C458C3291FB046009B4F76 /* 4_4_6_逻辑运算符_逻辑表达式.c */; };
		28C5CC68292B18760084506D /* 6_2_带参数的函数.c in Sources */ = {isa = PBXBuildFile; fileRef = 28C5CC67292B18760084506D /* 6_2_带参数的函数.c */; };
		28C5CC6A292B23B20084506D /* 6_3_带多个参数的函数.c in Sources */ = {isa = PBXBuildFile; fileRef = 28C5CC69292B23B10084506D /* 6_3_带多个参数的函数.c */; };
		28C5CC6C292B65B70084506D /* 6_4_return.c in Sources */ = {isa = PBXBuildFile; fileRef = 28C5CC6B292B65B70084506D /* 6_4_return.c */; };
		28C5CC6E292B71AD0084506D /* 6_5_函数的声明和定义.c in Sources */ = {isa = PBXBuildFile; fileRef = 28C5CC6D292B71AD0084506D /* 6_5_函数的声明和定义.c */; };
		28E4350529114E1600216C1A /* 1_main.c in Sources */ = {isa = PBXBuildFile; fileRef = 28E4350429114E1600216C1A /* 1_main.c */; };
		28E4351729116AD000216C1A /* 3_1_variable.c in Sources */ = {isa = PBXBuildFile; fileRef = 28E4351629116AD000216C1A /* 3_1_variable.c */; };
		28E4351D29116C3C00216C1A /* 2_Comment.c in Sources */ = {isa = PBXBuildFile; fileRef = 28E4351B29116B4A00216C1A /* 2_Comment.c */; };
		28E9F96D2931C04500C0C29B /* 8_1_内存的构造和变量所占用的字节数.c in Sources */ = {isa = PBXBuildFile; fileRef = 28E9F96C2931C04500C0C29B /* 8_1_内存的构造和变量所占用的字节数.c */; };
		28E9F9702933160700C0C29B /* 8_4_原码_反码_补码.c in Sources */ = {isa = PBXBuildFile; fileRef = 28E9F96F2933160700C0C29B /* 8_4_原码_反码_补码.c */; };
		28EE5E042926F4E900D48864 /* 5_5_switch.c in Sources */ = {isa = PBXBuildFile; fileRef = 28EE5E032926F4E900D48864 /* 5_5_switch.c */; };
		28F594D0292FA6B6006790EB /* 8_3_进制之间的转换.c in Sources */ = {isa = PBXBuildFile; fileRef = 28F594CF292FA6B6006790EB /* 8_3_进制之间的转换.c */; };
/* End PBXBuildFile section */

/* Begin PBXCopyFilesBuildPhase section */
		28B28088290FFE71000C1909 /* CopyFiles */ = {
			isa = PBXCopyFilesBuildPhase;
			buildActionMask = 2147483647;
			dstPath = /usr/share/man/man1/;
			dstSubfolderSpec = 0;
			files = (
			);
			runOnlyForDeploymentPostprocessing = 1;
		};
		28E4350029114E1600216C1A /* CopyFiles */ = {
			isa = PBXCopyFilesBuildPhase;
			buildActionMask = 2147483647;
			dstPath = /usr/share/man/man1/;
			dstSubfolderSpec = 0;
			files = (
			);
			runOnlyForDeploymentPostprocessing = 1;
		};
		28E4350B29114EC100216C1A /* CopyFiles */ = {
			isa = PBXCopyFilesBuildPhase;
			buildActionMask = 2147483647;
			dstPath = /usr/share/man/man1/;
			dstSubfolderSpec = 0;
			files = (
			);
			runOnlyForDeploymentPostprocessing = 1;
		};
/* End PBXCopyFilesBuildPhase section */

/* Begin PBXFileReference section */
		281B20D92928DDA00065D5F4 /* 5_9_for.c */ = {isa = PBXFileReference; lastKnownFileType = sourcecode.c.c; path = 5_9_for.c; sourceTree = "<group>"; };
		282F599629259C5200B91ECD /* 4_5_运算符的优先级和结核性.c */ = {isa = PBXFileReference; lastKnownFileType = sourcecode.c.c; path = "4_5_运算符的优先级和结核性.c"; sourceTree = "<group>"; };
		282F599D2925AE6A00B91ECD /* 5_1_IF.c */ = {isa = PBXFileReference; lastKnownFileType = sourcecode.c.c; path = 5_1_IF.c; sourceTree = "<group>"; };
		282F599F2925AFE600B91ECD /* 3_2_变量的作用域.c */ = {isa = PBXFileReference; lastKnownFileType = sourcecode.c.c; path = "3_2_变量的作用域.c"; sourceTree = "<group>"; };
		28300BB1292D02440071A423 /* 7_1_文件包含指令.c */ = {isa = PBXFileReference; lastKnownFileType = sourcecode.c.c; path = "7_1_文件包含指令.c"; sourceTree = "<group>"; };
		28300BB3292D0A7F0071A423 /* print_usa.txt */ = {isa = PBXFileReference; fileEncoding = 4; lastKnownFileType = text; path = print_usa.txt; sourceTree = "<group>"; };
		2832EEA2291AA0F90093D80C /* 4_3_scanf.c */ = {isa = PBXFileReference; lastKnownFileType = sourcecode.c.c; path = 4_3_scanf.c; sourceTree = "<group>"; };
		2846105D292A67A900D07E42 /* 3_5_局部变量_全局变量.c */ = {isa = PBXFileReference; lastKnownFileType = sourcecode.c.c; path = "3_5_局部变量_全局变量.c"; sourceTree = "<group>"; };
		285491142938081B00B40525 /* 8_5_位运算.c */ = {isa = PBXFileReference; lastKnownFileType = sourcecode.c.c; path = "8_5_位运算.c"; sourceTree = "<group>"; };
		2864D5DA2928EE27001BA886 /* 5_10_嵌套循环.c */ = {isa = PBXFileReference; lastKnownFileType = sourcecode.c.c; path = "5_10_嵌套循环.c"; sourceTree = "<group>"; };
		2864D5DC29290E27001BA886 /* 5_11_goto.c */ = {isa = PBXFileReference; lastKnownFileType = sourcecode.c.c; path = 5_11_goto.c; sourceTree = "<group>"; };
		2867949D29287ADC007DB97E /* 5_6_while.c */ = {isa = PBXFileReference; lastKnownFileType = sourcecode.c.c; path = 5_6_while.c; sourceTree = "<group>"; };
		2867949F2928D01A007DB97E /* 5_7_break_and_continue.c */ = {isa = PBXFileReference; lastKnownFileType = sourcecode.c.c; path = 5_7_break_and_continue.c; sourceTree = "<group>"; };
		286794A12928D8BC007DB97E /* 5_8_do_while.c */ = {isa = PBXFileReference; lastKnownFileType = sourcecode.c.c; path = 5_8_do_while.c; sourceTree = "<group>"; };
		28723D5D292F979100BFEB87 /* 7_2_多文件开发.c */ = {isa = PBXFileReference; lastKnownFileType = sourcecode.c.c; path = "7_2_多文件开发.c"; sourceTree = "<group>"; };
		28723D61292F9C1B00BFEB87 /* mymath.c */ = {isa = PBXFileReference; lastKnownFileType = sourcecode.c.c; path = mymath.c; sourceTree = "<group>"; };
		28723D63292F9C2A00BFEB87 /* mymath.h */ = {isa = PBXFileReference; lastKnownFileType = sourcecode.c.h; path = mymath.h; sourceTree = "<group>"; };
		28723D64292F9E5E00BFEB87 /* 8_2_进制.c */ = {isa = PBXFileReference; lastKnownFileType = sourcecode.c.c; path = "8_2_进制.c"; sourceTree = "<group>"; };
		28A2A1FD2929DE3C00AE0F5C /* 6_1_main.c */ = {isa = PBXFileReference; lastKnownFileType = sourcecode.c.c; path = 6_1_main.c; sourceTree = "<group>"; };
		28A7ABF7291BE04100670DF3 /* 4_1_数据转换类型.c */ = {isa = PBXFileReference; lastKnownFileType = sourcecode.c.c; path = "4_1_数据转换类型.c"; sourceTree = "<group>"; };
		28A7ABF9291BE0F800670DF3 /* 4_2_printf.c */ = {isa = PBXFileReference; lastKnownFileType = sourcecode.c.c; path = 4_2_printf.c; sourceTree = "<group>"; };
		28B2808A290FFE71000C1909 /* Lean-C */ = {isa = PBXFileReference; explicitFileType = "compiled.mach-o.executable"; includeInIndex = 0; path = "Lean-C"; sourceTree = BUILT_PRODUCTS_DIR; };
		28B8CE692926643900C5BA41 /* 5_2_IF_ELSE.c */ = {isa = PBXFileReference; lastKnownFileType = sourcecode.c.c; path = 5_2_IF_ELSE.c; sourceTree = "<group>"; };
		28B8CE6B29266A7200C5BA41 /* 5_3_IF_ELSE_IF.c */ = {isa = PBXFileReference; lastKnownFileType = sourcecode.c.c; path = 5_3_IF_ELSE_IF.c; sourceTree = "<group>"; };
		28B8CE6D2926716D00C5BA41 /* 5_4_三元表达式.c */ = {isa = PBXFileReference; lastKnownFileType = sourcecode.c.c; path = "5_4_三元表达式.c"; sourceTree = "<group>"; };
		28B8CE6F292674A500C5BA41 /* 3_4_如何产生1个随机数.c */ = {isa = PBXFileReference; lastKnownFileType = sourcecode.c.c; path = "3_4_如何产生1个随机数.c"; sourceTree = "<group>"; };
		28C458B2291F1A80009B4F76 /* 4_3_scanf函数的缓冲区.c */ = {isa = PBXFileReference; lastKnownFileType = sourcecode.c.c; path = "4_3_scanf函数的缓冲区.c"; sourceTree = "<group>"; };
		28C458B4291F5693009B4F76 /* 3_3_交换两个变量的值.c */ = {isa = PBXFileReference; lastKnownFileType = sourcecode.c.c; path = "3_3_交换两个变量的值.c"; sourceTree = "<group>"; };
		28C458B6291F7FD5009B4F76 /* 4_4_1_算术运算符_算术表达式.c */ = {isa = PBXFileReference; lastKnownFileType = sourcecode.c.c; path = "4_4_1_算术运算符_算术表达式.c"; sourceTree = "<group>"; };
		28C458B8291F939A009B4F76 /* 4_4_2_赋值运算符.c */ = {isa = PBXFileReference; lastKnownFileType = sourcecode.c.c; path = "4_4_2_赋值运算符.c"; sourceTree = "<group>"; };
		28C458BA291F956B009B4F76 /* 4_4_3_自增自减运算符.c */ = {isa = PBXFileReference; lastKnownFileType = sourcecode.c.c; path = "4_4_3_自增自减运算符.c"; sourceTree = "<group>"; };
		28C458BC291F9A8C009B4F76 /* 4_4_4_逗号运算符_逗号表达式.c */ = {isa = PBXFileReference; lastKnownFileType = sourcecode.c.c; path = "4_4_4_逗号运算符_逗号表达式.c"; sourceTree = "<group>"; };
		28C458BE291F9E8A009B4F76 /* 4_4_5_比较运算符_比较表达式.c */ = {isa = PBXFileReference; lastKnownFileType = sourcecode.c.c; path = "4_4_5_比较运算符_比较表达式.c"; sourceTree = "<group>"; };
		28C458C3291FB046009B4F76 /* 4_4_6_逻辑运算符_逻辑表达式.c */ = {isa = PBXFileReference; lastKnownFileType = sourcecode.c.c; path = "4_4_6_逻辑运算符_逻辑表达式.c"; sourceTree = "<group>"; };
		28C5CC67292B18760084506D /* 6_2_带参数的函数.c */ = {isa = PBXFileReference; lastKnownFileType = sourcecode.c.c; path = "6_2_带参数的函数.c"; sourceTree = "<group>"; };
		28C5CC69292B23B10084506D /* 6_3_带多个参数的函数.c */ = {isa = PBXFileReference; lastKnownFileType = sourcecode.c.c; path = "6_3_带多个参数的函数.c"; sourceTree = "<group>"; };
		28C5CC6B292B65B70084506D /* 6_4_return.c */ = {isa = PBXFileReference; lastKnownFileType = sourcecode.c.c; path = 6_4_return.c; sourceTree = "<group>"; };
		28C5CC6D292B71AD0084506D /* 6_5_函数的声明和定义.c */ = {isa = PBXFileReference; lastKnownFileType = sourcecode.c.c; path = "6_5_函数的声明和定义.c"; sourceTree = "<group>"; };
		28E4350229114E1600216C1A /* Example2 */ = {isa = PBXFileReference; explicitFileType = "compiled.mach-o.executable"; includeInIndex = 0; path = Example2; sourceTree = BUILT_PRODUCTS_DIR; };
		28E4350429114E1600216C1A /* 1_main.c */ = {isa = PBXFileReference; lastKnownFileType = sourcecode.c.c; path = 1_main.c; sourceTree = "<group>"; };
		28E4350D29114EC100216C1A /* Example-3 */ = {isa = PBXFileReference; explicitFileType = "compiled.mach-o.executable"; includeInIndex = 0; path = "Example-3"; sourceTree = BUILT_PRODUCTS_DIR; };
		28E4351629116AD000216C1A /* 3_1_variable.c */ = {isa = PBXFileReference; lastKnownFileType = sourcecode.c.c; path = 3_1_variable.c; sourceTree = "<group>"; };
		28E4351B29116B4A00216C1A /* 2_Comment.c */ = {isa = PBXFileReference; lastKnownFileType = sourcecode.c.c; path = 2_Comment.c; sourceTree = "<group>"; };
		28E9F96C2931C04500C0C29B /* 8_1_内存的构造和变量所占用的字节数.c */ = {isa = PBXFileReference; lastKnownFileType = sourcecode.c.c; path = "8_1_内存的构造和变量所占用的字节数.c"; sourceTree = "<group>"; };
		28E9F96F2933160700C0C29B /* 8_4_原码_反码_补码.c */ = {isa = PBXFileReference; lastKnownFileType = sourcecode.c.c; path = "8_4_原码_反码_补码.c"; sourceTree = "<group>"; };
		28EE5E032926F4E900D48864 /* 5_5_switch.c */ = {isa = PBXFileReference; lastKnownFileType = sourcecode.c.c; path = 5_5_switch.c; sourceTree = "<group>"; };
		28F594CF292FA6B6006790EB /* 8_3_进制之间的转换.c */ = {isa = PBXFileReference; lastKnownFileType = sourcecode.c.c; path = "8_3_进制之间的转换.c"; sourceTree = "<group>"; };
/* End PBXFileReference section */

/* Begin PBXFrameworksBuildPhase section */
		28B28087290FFE71000C1909 /* Frameworks */ = {
			isa = PBXFrameworksBuildPhase;
			buildActionMask = 2147483647;
			files = (
			);
			runOnlyForDeploymentPostprocessing = 0;
		};
		28E434FF29114E1600216C1A /* Frameworks */ = {
			isa = PBXFrameworksBuildPhase;
			buildActionMask = 2147483647;
			files = (
			);
			runOnlyForDeploymentPostprocessing = 0;
		};
		28E4350A29114EC100216C1A /* Frameworks */ = {
			isa = PBXFrameworksBuildPhase;
			buildActionMask = 2147483647;
			files = (
			);
			runOnlyForDeploymentPostprocessing = 0;
		};
/* End PBXFrameworksBuildPhase section */

/* Begin PBXGroup section */
		282F59982925A1F200B91ECD /* 5_流程控制 */ = {
			isa = PBXGroup;
			children = (
				282F599D2925AE6A00B91ECD /* 5_1_IF.c */,
				28B8CE692926643900C5BA41 /* 5_2_IF_ELSE.c */,
				28B8CE6B29266A7200C5BA41 /* 5_3_IF_ELSE_IF.c */,
				28B8CE6D2926716D00C5BA41 /* 5_4_三元表达式.c */,
				28EE5E032926F4E900D48864 /* 5_5_switch.c */,
				2867949D29287ADC007DB97E /* 5_6_while.c */,
				2867949F2928D01A007DB97E /* 5_7_break_and_continue.c */,
				286794A12928D8BC007DB97E /* 5_8_do_while.c */,
				281B20D92928DDA00065D5F4 /* 5_9_for.c */,
				2864D5DA2928EE27001BA886 /* 5_10_嵌套循环.c */,
				2864D5DC29290E27001BA886 /* 5_11_goto.c */,
			);
			path = "5_流程控制";
			sourceTree = "<group>";
		};
		282F59A12925B06400B91ECD /* 3_变量 */ = {
			isa = PBXGroup;
			children = (
				28E4351629116AD000216C1A /* 3_1_variable.c */,
				282F599F2925AFE600B91ECD /* 3_2_变量的作用域.c */,
				28C458B4291F5693009B4F76 /* 3_3_交换两个变量的值.c */,
				28B8CE6F292674A500C5BA41 /* 3_4_如何产生1个随机数.c */,
				2846105D292A67A900D07E42 /* 3_5_局部变量_全局变量.c */,
			);
			path = "3_变量";
			sourceTree = "<group>";
		};
		28300BB0292D02250071A423 /* 7_预处理 */ = {
			isa = PBXGroup;
			children = (
				28300BB3292D0A7F0071A423 /* print_usa.txt */,
				28300BB1292D02440071A423 /* 7_1_文件包含指令.c */,
				28723D5D292F979100BFEB87 /* 7_2_多文件开发.c */,
				28723D61292F9C1B00BFEB87 /* mymath.c */,
				28723D63292F9C2A00BFEB87 /* mymath.h */,
			);
			name = "7_预处理";
			sourceTree = "<group>";
		};
		28723D66292F9F2100BFEB87 /* 8_进制 */ = {
			isa = PBXGroup;
			children = (
				28E9F96C2931C04500C0C29B /* 8_1_内存的构造和变量所占用的字节数.c */,
				28723D64292F9E5E00BFEB87 /* 8_2_进制.c */,
				28F594CF292FA6B6006790EB /* 8_3_进制之间的转换.c */,
				28E9F96F2933160700C0C29B /* 8_4_原码_反码_补码.c */,
				285491142938081B00B40525 /* 8_5_位运算.c */,
			);
			path = "8_进制";
			sourceTree = "<group>";
		};
		28A2A1FC2929DDFB00AE0F5C /* 6_函数 */ = {
			isa = PBXGroup;
			children = (
				28A2A1FD2929DE3C00AE0F5C /* 6_1_main.c */,
				28C5CC67292B18760084506D /* 6_2_带参数的函数.c */,
				28C5CC69292B23B10084506D /* 6_3_带多个参数的函数.c */,
				28C5CC6B292B65B70084506D /* 6_4_return.c */,
				28C5CC6D292B71AD0084506D /* 6_5_函数的声明和定义.c */,
			);
			path = "6_函数";
			sourceTree = "<group>";
		};
		28B28081290FFE70000C1909 = {
			isa = PBXGroup;
			children = (
				28B2808C290FFE71000C1909 /* Lean-C */,
				28E4350329114E1600216C1A /* Example2 */,
				28E4350E29114EC100216C1A /* Example-3 */,
				28B2808B290FFE71000C1909 /* Products */,
				28E4350229114E1600216C1A /* Example2 */,
				28E4350D29114EC100216C1A /* Example-3 */,
			);
			sourceTree = "<group>";
		};
		28B2808B290FFE71000C1909 /* Products */ = {
			isa = PBXGroup;
			children = (
				28B2808A290FFE71000C1909 /* Lean-C */,
			);
			name = Products;
			sourceTree = "<group>";
		};
		28B2808C290FFE71000C1909 /* Lean-C */ = {
			isa = PBXGroup;
			children = (
				28E9F96B2931C02000C0C29B /* temp */,
				28723D66292F9F2100BFEB87 /* 8_进制 */,
				28300BB0292D02250071A423 /* 7_预处理 */,
				282F59A12925B06400B91ECD /* 3_变量 */,
				28C458C1291FAB53009B4F76 /* 4_表达式 */,
				282F59982925A1F200B91ECD /* 5_流程控制 */,
				28A2A1FC2929DDFB00AE0F5C /* 6_函数 */,
			);
			path = "Lean-C";
			sourceTree = "<group>";
		};
		28C458C1291FAB53009B4F76 /* 4_表达式 */ = {
			isa = PBXGroup;
			children = (
				28A7ABF7291BE04100670DF3 /* 4_1_数据转换类型.c */,
				28A7ABF9291BE0F800670DF3 /* 4_2_printf.c */,
				2832EEA2291AA0F90093D80C /* 4_3_scanf.c */,
				28C458B2291F1A80009B4F76 /* 4_3_scanf函数的缓冲区.c */,
				28C458C2291FAB71009B4F76 /* 4_4_运算符_表达式 */,
			);
			path = "4_表达式";
			sourceTree = "<group>";
		};
		28C458C2291FAB71009B4F76 /* 4_4_运算符_表达式 */ = {
			isa = PBXGroup;
			children = (
				28C458B6291F7FD5009B4F76 /* 4_4_1_算术运算符_算术表达式.c */,
				28C458B8291F939A009B4F76 /* 4_4_2_赋值运算符.c */,
				28C458BA291F956B009B4F76 /* 4_4_3_自增自减运算符.c */,
				28C458BC291F9A8C009B4F76 /* 4_4_4_逗号运算符_逗号表达式.c */,
				28C458BE291F9E8A009B4F76 /* 4_4_5_比较运算符_比较表达式.c */,
				28C458C3291FB046009B4F76 /* 4_4_6_逻辑运算符_逻辑表达式.c */,
				282F599629259C5200B91ECD /* 4_5_运算符的优先级和结核性.c */,
			);
			path = "4_4_运算符_表达式";
			sourceTree = "<group>";
		};
		28E4350329114E1600216C1A /* Example2 */ = {
			isa = PBXGroup;
			children = (
				28E4350429114E1600216C1A /* 1_main.c */,
			);
			path = Example2;
			sourceTree = "<group>";
		};
		28E4350E29114EC100216C1A /* Example-3 */ = {
			isa = PBXGroup;
			children = (
				28E4351B29116B4A00216C1A /* 2_Comment.c */,
			);
			path = "Example-3";
			sourceTree = "<group>";
		};
		28E9F96B2931C02000C0C29B /* temp */ = {
			isa = PBXGroup;
			children = (
			);
			path = temp;
			sourceTree = "<group>";
		};
/* End PBXGroup section */

/* Begin PBXNativeTarget section */
		28B28089290FFE71000C1909 /* Lean-C */ = {
			isa = PBXNativeTarget;
			buildConfigurationList = 28B28091290FFE71000C1909 /* Build configuration list for PBXNativeTarget "Lean-C" */;
			buildPhases = (
				28B28086290FFE71000C1909 /* Sources */,
				28B28087290FFE71000C1909 /* Frameworks */,
				28B28088290FFE71000C1909 /* CopyFiles */,
			);
			buildRules = (
			);
			dependencies = (
			);
			name = "Lean-C";
			productName = "Lean-C";
			productReference = 28B2808A290FFE71000C1909 /* Lean-C */;
			productType = "com.apple.product-type.tool";
		};
		28E4350129114E1600216C1A /* Example2 */ = {
			isa = PBXNativeTarget;
			buildConfigurationList = 28E4350829114E1600216C1A /* Build configuration list for PBXNativeTarget "Example2" */;
			buildPhases = (
				28E434FE29114E1600216C1A /* Sources */,
				28E434FF29114E1600216C1A /* Frameworks */,
				28E4350029114E1600216C1A /* CopyFiles */,
			);
			buildRules = (
			);
			dependencies = (
			);
			name = Example2;
			productName = Example2;
			productReference = 28E4350229114E1600216C1A /* Example2 */;
			productType = "com.apple.product-type.tool";
		};
		28E4350C29114EC100216C1A /* Example-3 */ = {
			isa = PBXNativeTarget;
			buildConfigurationList = 28E4351129114EC100216C1A /* Build configuration list for PBXNativeTarget "Example-3" */;
			buildPhases = (
				28E4350929114EC100216C1A /* Sources */,
				28E4350A29114EC100216C1A /* Frameworks */,
				28E4350B29114EC100216C1A /* CopyFiles */,
			);
			buildRules = (
			);
			dependencies = (
			);
			name = "Example-3";
			productName = "Example-3";
			productReference = 28E4350D29114EC100216C1A /* Example-3 */;
			productType = "com.apple.product-type.tool";
		};
/* End PBXNativeTarget section */

/* Begin PBXProject section */
		28B28082290FFE70000C1909 /* Project object */ = {
			isa = PBXProject;
			attributes = {
				BuildIndependentTargetsInParallel = 1;
				LastUpgradeCheck = 1410;
				TargetAttributes = {
					28B28089290FFE71000C1909 = {
						CreatedOnToolsVersion = 14.1;
					};
					28E4350129114E1600216C1A = {
						CreatedOnToolsVersion = 14.1;
					};
					28E4350C29114EC100216C1A = {
						CreatedOnToolsVersion = 14.1;
					};
				};
			};
			buildConfigurationList = 28B28085290FFE70000C1909 /* Build configuration list for PBXProject "Lean-C" */;
			compatibilityVersion = "Xcode 14.0";
			developmentRegion = en;
			hasScannedForEncodings = 0;
			knownRegions = (
				en,
				Base,
			);
			mainGroup = 28B28081290FFE70000C1909;
			productRefGroup = 28B28081290FFE70000C1909;
			projectDirPath = "";
			projectRoot = "";
			targets = (
				28B28089290FFE71000C1909 /* Lean-C */,
				28E4350129114E1600216C1A /* Example2 */,
				28E4350C29114EC100216C1A /* Example-3 */,
			);
		};
/* End PBXProject section */

/* Begin PBXSourcesBuildPhase section */
		28B28086290FFE71000C1909 /* Sources */ = {
			isa = PBXSourcesBuildPhase;
			buildActionMask = 2147483647;
			files = (
				28C458C4291FB046009B4F76 /* 4_4_6_逻辑运算符_逻辑表达式.c in Sources */,
				28300BB2292D02440071A423 /* 7_1_文件包含指令.c in Sources */,
				28C5CC6A292B23B20084506D /* 6_3_带多个参数的函数.c in Sources */,
				28A7ABF8291BE04100670DF3 /* 4_1_数据转换类型.c in Sources */,
				28B8CE6E2926716D00C5BA41 /* 5_4_三元表达式.c in Sources */,
				28E4351729116AD000216C1A /* 3_1_variable.c in Sources */,
				28723D65292F9E5E00BFEB87 /* 8_2_进制.c in Sources */,
				28B8CE70292674A500C5BA41 /* 3_4_如何产生1个随机数.c in Sources */,
				28C5CC6E292B71AD0084506D /* 6_5_函数的声明和定义.c in Sources */,
				285491152938081B00B40525 /* 8_5_位运算.c in Sources */,
				281B20DA2928DDA00065D5F4 /* 5_9_for.c in Sources */,
				28723D5E292F979100BFEB87 /* 7_2_多文件开发.c in Sources */,
				28C458BF291F9E8A009B4F76 /* 4_4_5_比较运算符_比较表达式.c in Sources */,
				2846105E292A67A900D07E42 /* 3_5_局部变量_全局变量.c in Sources */,
				2864D5DB2928EE27001BA886 /* 5_10_嵌套循环.c in Sources */,
				28F594D0292FA6B6006790EB /* 8_3_进制之间的转换.c in Sources */,
				282F599E2925AE6A00B91ECD /* 5_1_IF.c in Sources */,
				28A2A1FE2929DE3C00AE0F5C /* 6_1_main.c in Sources */,
				2867949E29287ADC007DB97E /* 5_6_while.c in Sources */,
				28C458B7291F7FD5009B4F76 /* 4_4_1_算术运算符_算术表达式.c in Sources */,
				28C458B5291F5693009B4F76 /* 3_3_交换两个变量的值.c in Sources */,
				286794A22928D8BC007DB97E /* 5_8_do_while.c in Sources */,
				28E9F96D2931C04500C0C29B /* 8_1_内存的构造和变量所占用的字节数.c in Sources */,
				28C458B3291F1A80009B4F76 /* 4_3_scanf函数的缓冲区.c in Sources */,
				28C458BD291F9A8C009B4F76 /* 4_4_4_逗号运算符_逗号表达式.c in Sources */,
				28EE5E042926F4E900D48864 /* 5_5_switch.c in Sources */,
				2864D5DD29290E27001BA886 /* 5_11_goto.c in Sources */,
				28C458BB291F956B009B4F76 /* 4_4_3_自增自减运算符.c in Sources */,
				286794A02928D01A007DB97E /* 5_7_break_and_continue.c in Sources */,
				28B8CE6A2926643900C5BA41 /* 5_2_IF_ELSE.c in Sources */,
				28B8CE6C29266A7200C5BA41 /* 5_3_IF_ELSE_IF.c in Sources */,
				282F599729259C5200B91ECD /* 4_5_运算符的优先级和结核性.c in Sources */,
				2832EEA3291AA0F90093D80C /* 4_3_scanf.c in Sources */,
				28C458B9291F939A009B4F76 /* 4_4_2_赋值运算符.c in Sources */,
				28A7ABFA291BE0F800670DF3 /* 4_2_printf.c in Sources */,
				28C5CC68292B18760084506D /* 6_2_带参数的函数.c in Sources */,
				28C5CC6C292B65B70084506D /* 6_4_return.c in Sources */,
				28723D62292F9C1B00BFEB87 /* mymath.c in Sources */,
				28E9F9702933160700C0C29B /* 8_4_原码_反码_补码.c in Sources */,
				282F59A02925AFE600B91ECD /* 3_2_变量的作用域.c in Sources */,
			);
			runOnlyForDeploymentPostprocessing = 0;
		};
		28E434FE29114E1600216C1A /* Sources */ = {
			isa = PBXSourcesBuildPhase;
			buildActionMask = 2147483647;
			files = (
				28E4350529114E1600216C1A /* 1_main.c in Sources */,
			);
			runOnlyForDeploymentPostprocessing = 0;
		};
		28E4350929114EC100216C1A /* Sources */ = {
			isa = PBXSourcesBuildPhase;
			buildActionMask = 2147483647;
			files = (
				28E4351D29116C3C00216C1A /* 2_Comment.c in Sources */,
			);
			runOnlyForDeploymentPostprocessing = 0;
		};
/* End PBXSourcesBuildPhase section */

/* Begin XCBuildConfiguration section */
		28B2808F290FFE71000C1909 /* Debug */ = {
			isa = XCBuildConfiguration;
			buildSettings = {
				ALWAYS_SEARCH_USER_PATHS = NO;
				CLANG_ANALYZER_NONNULL = YES;
				CLANG_ANALYZER_NUMBER_OBJECT_CONVERSION = YES_AGGRESSIVE;
				CLANG_CXX_LANGUAGE_STANDARD = "gnu++20";
				CLANG_ENABLE_MODULES = YES;
				CLANG_ENABLE_OBJC_ARC = YES;
				CLANG_ENABLE_OBJC_WEAK = YES;
				CLANG_WARN_BLOCK_CAPTURE_AUTORELEASING = YES;
				CLANG_WARN_BOOL_CONVERSION = YES;
				CLANG_WARN_COMMA = YES;
				CLANG_WARN_CONSTANT_CONVERSION = YES;
				CLANG_WARN_DEPRECATED_OBJC_IMPLEMENTATIONS = YES;
				CLANG_WARN_DIRECT_OBJC_ISA_USAGE = YES_ERROR;
				CLANG_WARN_DOCUMENTATION_COMMENTS = YES;
				CLANG_WARN_EMPTY_BODY = YES;
				CLANG_WARN_ENUM_CONVERSION = YES;
				CLANG_WARN_INFINITE_RECURSION = YES;
				CLANG_WARN_INT_CONVERSION = YES;
				CLANG_WARN_NON_LITERAL_NULL_CONVERSION = YES;
				CLANG_WARN_OBJC_IMPLICIT_RETAIN_SELF = YES;
				CLANG_WARN_OBJC_LITERAL_CONVERSION = YES;
				CLANG_WARN_OBJC_ROOT_CLASS = YES_ERROR;
				CLANG_WARN_QUOTED_INCLUDE_IN_FRAMEWORK_HEADER = YES;
				CLANG_WARN_RANGE_LOOP_ANALYSIS = YES;
				CLANG_WARN_STRICT_PROTOTYPES = YES;
				CLANG_WARN_SUSPICIOUS_MOVE = YES;
				CLANG_WARN_UNGUARDED_AVAILABILITY = YES_AGGRESSIVE;
				CLANG_WARN_UNREACHABLE_CODE = YES;
				CLANG_WARN__DUPLICATE_METHOD_MATCH = YES;
				COPY_PHASE_STRIP = NO;
				DEBUG_INFORMATION_FORMAT = dwarf;
				ENABLE_STRICT_OBJC_MSGSEND = YES;
				ENABLE_TESTABILITY = YES;
				GCC_C_LANGUAGE_STANDARD = gnu11;
				GCC_DYNAMIC_NO_PIC = NO;
				GCC_NO_COMMON_BLOCKS = YES;
				GCC_OPTIMIZATION_LEVEL = 0;
				GCC_PREPROCESSOR_DEFINITIONS = (
					"DEBUG=1",
					"$(inherited)",
				);
				GCC_WARN_64_TO_32_BIT_CONVERSION = YES;
				GCC_WARN_ABOUT_RETURN_TYPE = YES_ERROR;
				GCC_WARN_UNDECLARED_SELECTOR = YES;
				GCC_WARN_UNINITIALIZED_AUTOS = YES_AGGRESSIVE;
				GCC_WARN_UNUSED_FUNCTION = YES;
				GCC_WARN_UNUSED_VARIABLE = YES;
				MACOSX_DEPLOYMENT_TARGET = 12.6;
				MTL_ENABLE_DEBUG_INFO = INCLUDE_SOURCE;
				MTL_FAST_MATH = YES;
				ONLY_ACTIVE_ARCH = YES;
				SDKROOT = macosx;
			};
			name = Debug;
		};
		28B28090290FFE71000C1909 /* Release */ = {
			isa = XCBuildConfiguration;
			buildSettings = {
				ALWAYS_SEARCH_USER_PATHS = NO;
				CLANG_ANALYZER_NONNULL = YES;
				CLANG_ANALYZER_NUMBER_OBJECT_CONVERSION = YES_AGGRESSIVE;
				CLANG_CXX_LANGUAGE_STANDARD = "gnu++20";
				CLANG_ENABLE_MODULES = YES;
				CLANG_ENABLE_OBJC_ARC = YES;
				CLANG_ENABLE_OBJC_WEAK = YES;
				CLANG_WARN_BLOCK_CAPTURE_AUTORELEASING = YES;
				CLANG_WARN_BOOL_CONVERSION = YES;
				CLANG_WARN_COMMA = YES;
				CLANG_WARN_CONSTANT_CONVERSION = YES;
				CLANG_WARN_DEPRECATED_OBJC_IMPLEMENTATIONS = YES;
				CLANG_WARN_DIRECT_OBJC_ISA_USAGE = YES_ERROR;
				CLANG_WARN_DOCUMENTATION_COMMENTS = YES;
				CLANG_WARN_EMPTY_BODY = YES;
				CLANG_WARN_ENUM_CONVERSION = YES;
				CLANG_WARN_INFINITE_RECURSION = YES;
				CLANG_WARN_INT_CONVERSION = YES;
				CLANG_WARN_NON_LITERAL_NULL_CONVERSION = YES;
				CLANG_WARN_OBJC_IMPLICIT_RETAIN_SELF = YES;
				CLANG_WARN_OBJC_LITERAL_CONVERSION = YES;
				CLANG_WARN_OBJC_ROOT_CLASS = YES_ERROR;
				CLANG_WARN_QUOTED_INCLUDE_IN_FRAMEWORK_HEADER = YES;
				CLANG_WARN_RANGE_LOOP_ANALYSIS = YES;
				CLANG_WARN_STRICT_PROTOTYPES = YES;
				CLANG_WARN_SUSPICIOUS_MOVE = YES;
				CLANG_WARN_UNGUARDED_AVAILABILITY = YES_AGGRESSIVE;
				CLANG_WARN_UNREACHABLE_CODE = YES;
				CLANG_WARN__DUPLICATE_METHOD_MATCH = YES;
				COPY_PHASE_STRIP = NO;
				DEBUG_INFORMATION_FORMAT = "dwarf-with-dsym";
				ENABLE_NS_ASSERTIONS = NO;
				ENABLE_STRICT_OBJC_MSGSEND = YES;
				GCC_C_LANGUAGE_STANDARD = gnu11;
				GCC_NO_COMMON_BLOCKS = YES;
				GCC_WARN_64_TO_32_BIT_CONVERSION = YES;
				GCC_WARN_ABOUT_RETURN_TYPE = YES_ERROR;
				GCC_WARN_UNDECLARED_SELECTOR = YES;
				GCC_WARN_UNINITIALIZED_AUTOS = YES_AGGRESSIVE;
				GCC_WARN_UNUSED_FUNCTION = YES;
				GCC_WARN_UNUSED_VARIABLE = YES;
				MACOSX_DEPLOYMENT_TARGET = 12.6;
				MTL_ENABLE_DEBUG_INFO = NO;
				MTL_FAST_MATH = YES;
				SDKROOT = macosx;
			};
			name = Release;
		};
		28B28092290FFE71000C1909 /* Debug */ = {
			isa = XCBuildConfiguration;
			buildSettings = {
				CODE_SIGN_STYLE = Automatic;
				DEVELOPMENT_TEAM = VZYZW6949U;
				ENABLE_HARDENED_RUNTIME = YES;
				PRODUCT_NAME = "$(TARGET_NAME)";
			};
			name = Debug;
		};
		28B28093290FFE71000C1909 /* Release */ = {
			isa = XCBuildConfiguration;
			buildSettings = {
				CODE_SIGN_STYLE = Automatic;
				DEVELOPMENT_TEAM = VZYZW6949U;
				ENABLE_HARDENED_RUNTIME = YES;
				PRODUCT_NAME = "$(TARGET_NAME)";
			};
			name = Release;
		};
		28E4350629114E1600216C1A /* Debug */ = {
			isa = XCBuildConfiguration;
			buildSettings = {
				CODE_SIGN_STYLE = Automatic;
				DEVELOPMENT_TEAM = VZYZW6949U;
				ENABLE_HARDENED_RUNTIME = YES;
				PRODUCT_NAME = "$(TARGET_NAME)";
			};
			name = Debug;
		};
		28E4350729114E1600216C1A /* Release */ = {
			isa = XCBuildConfiguration;
			buildSettings = {
				CODE_SIGN_STYLE = Automatic;
				DEVELOPMENT_TEAM = VZYZW6949U;
				ENABLE_HARDENED_RUNTIME = YES;
				PRODUCT_NAME = "$(TARGET_NAME)";
			};
			name = Release;
		};
		28E4351229114EC100216C1A /* Debug */ = {
			isa = XCBuildConfiguration;
			buildSettings = {
				CODE_SIGN_STYLE = Automatic;
				DEVELOPMENT_TEAM = VZYZW6949U;
				ENABLE_HARDENED_RUNTIME = YES;
				PRODUCT_NAME = "$(TARGET_NAME)";
			};
			name = Debug;
		};
		28E4351329114EC100216C1A /* Release */ = {
			isa = XCBuildConfiguration;
			buildSettings = {
				CODE_SIGN_STYLE = Automatic;
				DEVELOPMENT_TEAM = VZYZW6949U;
				ENABLE_HARDENED_RUNTIME = YES;
				PRODUCT_NAME = "$(TARGET_NAME)";
			};
			name = Release;
		};
/* End XCBuildConfiguration section */

/* Begin XCConfigurationList section */
		28B28085290FFE70000C1909 /* Build configuration list for PBXProject "Lean-C" */ = {
			isa = XCConfigurationList;
			buildConfigurations = (
				28B2808F290FFE71000C1909 /* Debug */,
				28B28090290FFE71000C1909 /* Release */,
			);
			defaultConfigurationIsVisible = 0;
			defaultConfigurationName = Release;
		};
		28B28091290FFE71000C1909 /* Build configuration list for PBXNativeTarget "Lean-C" */ = {
			isa = XCConfigurationList;
			buildConfigurations = (
				28B28092290FFE71000C1909 /* Debug */,
				28B28093290FFE71000C1909 /* Release */,
			);
			defaultConfigurationIsVisible = 0;
			defaultConfigurationName = Release;
		};
		28E4350829114E1600216C1A /* Build configuration list for PBXNativeTarget "Example2" */ = {
			isa = XCConfigurationList;
			buildConfigurations = (
				28E4350629114E1600216C1A /* Debug */,
				28E4350729114E1600216C1A /* Release */,
			);
			defaultConfigurationIsVisible = 0;
			defaultConfigurationName = Release;
		};
		28E4351129114EC100216C1A /* Build configuration list for PBXNativeTarget "Example-3" */ = {
			isa = XCConfigurationList;
			buildConfigurations = (
				28E4351229114EC100216C1A /* Debug */,
				28E4351329114EC100216C1A /* Release */,
			);
			defaultConfigurationIsVisible = 0;
			defaultConfigurationName = Release;
		};
/* End XCConfigurationList section */
	};
	rootObject = 28B28082290FFE70000C1909 /* Project object */;
}
