// !$*UTF8*$!
{
	archiveVersion = 1;
	classes = {
	};
	objectVersion = 56;
	objects = {

/* Begin PBXBuildFile section */
		2832EEA3291AA0F90093D80C /* 4_3_scanf.c in Sources */ = {isa = PBXBuildFile; fileRef = 2832EEA2291AA0F90093D80C /* 4_3_scanf.c */; };
		28A7ABF8291BE04100670DF3 /* 4_1_数据转换类型.c in Sources */ = {isa = PBXBuildFile; fileRef = 28A7ABF7291BE04100670DF3 /* 4_1_数据转换类型.c */; };
		28A7ABFA291BE0F800670DF3 /* 4_2_printf.c in Sources */ = {isa = PBXBuildFile; fileRef = 28A7ABF9291BE0F800670DF3 /* 4_2_printf.c */; };
		28C458B3291F1A80009B4F76 /* 4_3_scanf函数的缓冲区.c in Sources */ = {isa = PBXBuildFile; fileRef = 28C458B2291F1A80009B4F76 /* 4_3_scanf函数的缓冲区.c */; };
		28C458B5291F5693009B4F76 /* 3_2_交换两个变量的值.c in Sources */ = {isa = PBXBuildFile; fileRef = 28C458B4291F5693009B4F76 /* 3_2_交换两个变量的值.c */; };
		28C458B7291F7FD5009B4F76 /* 4_4_1_算术运算符_算术表达式.c in Sources */ = {isa = PBXBuildFile; fileRef = 28C458B6291F7FD5009B4F76 /* 4_4_1_算术运算符_算术表达式.c */; };
		28C458B9291F939A009B4F76 /* 4_4_2_赋值运算符.c in Sources */ = {isa = PBXBuildFile; fileRef = 28C458B8291F939A009B4F76 /* 4_4_2_赋值运算符.c */; };
		28C458BB291F956B009B4F76 /* 4_4_3_自增自减运算符.c in Sources */ = {isa = PBXBuildFile; fileRef = 28C458BA291F956B009B4F76 /* 4_4_3_自增自减运算符.c */; };
		28C458BD291F9A8C009B4F76 /* 4_4_4_逗号运算符_逗号表达式.c in Sources */ = {isa = PBXBuildFile; fileRef = 28C458BC291F9A8C009B4F76 /* 4_4_4_逗号运算符_逗号表达式.c */; };
		28C458BF291F9E8A009B4F76 /* 4_4_5_比较运算符_比较表达式.c in Sources */ = {isa = PBXBuildFile; fileRef = 28C458BE291F9E8A009B4F76 /* 4_4_5_比较运算符_比较表达式.c */; };
		28E4350529114E1600216C1A /* 1_main.c in Sources */ = {isa = PBXBuildFile; fileRef = 28E4350429114E1600216C1A /* 1_main.c */; };
		28E4351729116AD000216C1A /* 3_1_variable.c in Sources */ = {isa = PBXBuildFile; fileRef = 28E4351629116AD000216C1A /* 3_1_variable.c */; };
		28E4351D29116C3C00216C1A /* 2_Comment.c in Sources */ = {isa = PBXBuildFile; fileRef = 28E4351B29116B4A00216C1A /* 2_Comment.c */; };
/* End PBXBuildFile section */

/* Begin PBXCopyFilesBuildPhase section */
		28B28088290FFE71000C1909 /* CopyFiles */ = {
			isa = PBXCopyFilesBuildPhase;
			buildActionMask = 2147483647;
			dstPath = /usr/share/man/man1/;
			dstSubfolderSpec = 0;
			files = (
			);
			runOnlyForDeploymentPostprocessing = 1;
		};
		28E4350029114E1600216C1A /* CopyFiles */ = {
			isa = PBXCopyFilesBuildPhase;
			buildActionMask = 2147483647;
			dstPath = /usr/share/man/man1/;
			dstSubfolderSpec = 0;
			files = (
			);
			runOnlyForDeploymentPostprocessing = 1;
		};
		28E4350B29114EC100216C1A /* CopyFiles */ = {
			isa = PBXCopyFilesBuildPhase;
			buildActionMask = 2147483647;
			dstPath = /usr/share/man/man1/;
			dstSubfolderSpec = 0;
			files = (
			);
			runOnlyForDeploymentPostprocessing = 1;
		};
/* End PBXCopyFilesBuildPhase section */

/* Begin PBXFileReference section */
		2832EEA2291AA0F90093D80C /* 4_3_scanf.c */ = {isa = PBXFileReference; lastKnownFileType = sourcecode.c.c; path = 4_3_scanf.c; sourceTree = "<group>"; };
		28A7ABF7291BE04100670DF3 /* 4_1_数据转换类型.c */ = {isa = PBXFileReference; lastKnownFileType = sourcecode.c.c; path = "4_1_数据转换类型.c"; sourceTree = "<group>"; };
		28A7ABF9291BE0F800670DF3 /* 4_2_printf.c */ = {isa = PBXFileReference; lastKnownFileType = sourcecode.c.c; path = 4_2_printf.c; sourceTree = "<group>"; };
		28B2808A290FFE71000C1909 /* Lean-C */ = {isa = PBXFileReference; explicitFileType = "compiled.mach-o.executable"; includeInIndex = 0; path = "Lean-C"; sourceTree = BUILT_PRODUCTS_DIR; };
		28C458B2291F1A80009B4F76 /* 4_3_scanf函数的缓冲区.c */ = {isa = PBXFileReference; lastKnownFileType = sourcecode.c.c; path = "4_3_scanf函数的缓冲区.c"; sourceTree = "<group>"; };
		28C458B4291F5693009B4F76 /* 3_2_交换两个变量的值.c */ = {isa = PBXFileReference; lastKnownFileType = sourcecode.c.c; path = "3_2_交换两个变量的值.c"; sourceTree = "<group>"; };
		28C458B6291F7FD5009B4F76 /* 4_4_1_算术运算符_算术表达式.c */ = {isa = PBXFileReference; lastKnownFileType = sourcecode.c.c; path = "4_4_1_算术运算符_算术表达式.c"; sourceTree = "<group>"; };
		28C458B8291F939A009B4F76 /* 4_4_2_赋值运算符.c */ = {isa = PBXFileReference; lastKnownFileType = sourcecode.c.c; path = "4_4_2_赋值运算符.c"; sourceTree = "<group>"; };
		28C458BA291F956B009B4F76 /* 4_4_3_自增自减运算符.c */ = {isa = PBXFileReference; lastKnownFileType = sourcecode.c.c; path = "4_4_3_自增自减运算符.c"; sourceTree = "<group>"; };
		28C458BC291F9A8C009B4F76 /* 4_4_4_逗号运算符_逗号表达式.c */ = {isa = PBXFileReference; lastKnownFileType = sourcecode.c.c; path = "4_4_4_逗号运算符_逗号表达式.c"; sourceTree = "<group>"; };
		28C458BE291F9E8A009B4F76 /* 4_4_5_比较运算符_比较表达式.c */ = {isa = PBXFileReference; lastKnownFileType = sourcecode.c.c; path = "4_4_5_比较运算符_比较表达式.c"; sourceTree = "<group>"; };
		28E4350229114E1600216C1A /* Example2 */ = {isa = PBXFileReference; explicitFileType = "compiled.mach-o.executable"; includeInIndex = 0; path = Example2; sourceTree = BUILT_PRODUCTS_DIR; };
		28E4350429114E1600216C1A /* 1_main.c */ = {isa = PBXFileReference; lastKnownFileType = sourcecode.c.c; path = 1_main.c; sourceTree = "<group>"; };
		28E4350D29114EC100216C1A /* Example-3 */ = {isa = PBXFileReference; explicitFileType = "compiled.mach-o.executable"; includeInIndex = 0; path = "Example-3"; sourceTree = BUILT_PRODUCTS_DIR; };
		28E4351629116AD000216C1A /* 3_1_variable.c */ = {isa = PBXFileReference; lastKnownFileType = sourcecode.c.c; path = 3_1_variable.c; sourceTree = "<group>"; };
		28E4351B29116B4A00216C1A /* 2_Comment.c */ = {isa = PBXFileReference; lastKnownFileType = sourcecode.c.c; path = 2_Comment.c; sourceTree = "<group>"; };
/* End PBXFileReference section */

/* Begin PBXFrameworksBuildPhase section */
		28B28087290FFE71000C1909 /* Frameworks */ = {
			isa = PBXFrameworksBuildPhase;
			buildActionMask = 2147483647;
			files = (
			);
			runOnlyForDeploymentPostprocessing = 0;
		};
		28E434FF29114E1600216C1A /* Frameworks */ = {
			isa = PBXFrameworksBuildPhase;
			buildActionMask = 2147483647;
			files = (
			);
			runOnlyForDeploymentPostprocessing = 0;
		};
		28E4350A29114EC100216C1A /* Frameworks */ = {
			isa = PBXFrameworksBuildPhase;
			buildActionMask = 2147483647;
			files = (
			);
			runOnlyForDeploymentPostprocessing = 0;
		};
/* End PBXFrameworksBuildPhase section */

/* Begin PBXGroup section */
		28B28081290FFE70000C1909 = {
			isa = PBXGroup;
			children = (
				28B2808C290FFE71000C1909 /* Lean-C */,
				28E4350329114E1600216C1A /* Example2 */,
				28E4350E29114EC100216C1A /* Example-3 */,
				28B2808B290FFE71000C1909 /* Products */,
				28E4350229114E1600216C1A /* Example2 */,
				28E4350D29114EC100216C1A /* Example-3 */,
			);
			sourceTree = "<group>";
		};
		28B2808B290FFE71000C1909 /* Products */ = {
			isa = PBXGroup;
			children = (
				28B2808A290FFE71000C1909 /* Lean-C */,
			);
			name = Products;
			sourceTree = "<group>";
		};
		28B2808C290FFE71000C1909 /* Lean-C */ = {
			isa = PBXGroup;
			children = (
				28E4351629116AD000216C1A /* 3_1_variable.c */,
				28C458B4291F5693009B4F76 /* 3_2_交换两个变量的值.c */,
				28C458C1291FAB53009B4F76 /* 4_表达式 */,
			);
			path = "Lean-C";
			sourceTree = "<group>";
		};
		28C458C1291FAB53009B4F76 /* 4_表达式 */ = {
			isa = PBXGroup;
			children = (
				28A7ABF7291BE04100670DF3 /* 4_1_数据转换类型.c */,
				28A7ABF9291BE0F800670DF3 /* 4_2_printf.c */,
				2832EEA2291AA0F90093D80C /* 4_3_scanf.c */,
				28C458B2291F1A80009B4F76 /* 4_3_scanf函数的缓冲区.c */,
				28C458C2291FAB71009B4F76 /* 4_4_运算符_表达式 */,
			);
			path = "4_表达式";
			sourceTree = "<group>";
		};
		28C458C2291FAB71009B4F76 /* 4_4_运算符_表达式 */ = {
			isa = PBXGroup;
			children = (
				28C458B6291F7FD5009B4F76 /* 4_4_1_算术运算符_算术表达式.c */,
				28C458B8291F939A009B4F76 /* 4_4_2_赋值运算符.c */,
				28C458BA291F956B009B4F76 /* 4_4_3_自增自减运算符.c */,
				28C458BC291F9A8C009B4F76 /* 4_4_4_逗号运算符_逗号表达式.c */,
				28C458BE291F9E8A009B4F76 /* 4_4_5_比较运算符_比较表达式.c */,
			);
			path = "4_4_运算符_表达式";
			sourceTree = "<group>";
		};
		28E4350329114E1600216C1A /* Example2 */ = {
			isa = PBXGroup;
			children = (
				28E4350429114E1600216C1A /* 1_main.c */,
			);
			path = Example2;
			sourceTree = "<group>";
		};
		28E4350E29114EC100216C1A /* Example-3 */ = {
			isa = PBXGroup;
			children = (
				28E4351B29116B4A00216C1A /* 2_Comment.c */,
			);
			path = "Example-3";
			sourceTree = "<group>";
		};
/* End PBXGroup section */

/* Begin PBXNativeTarget section */
		28B28089290FFE71000C1909 /* Lean-C */ = {
			isa = PBXNativeTarget;
			buildConfigurationList = 28B28091290FFE71000C1909 /* Build configuration list for PBXNativeTarget "Lean-C" */;
			buildPhases = (
				28B28086290FFE71000C1909 /* Sources */,
				28B28087290FFE71000C1909 /* Frameworks */,
				28B28088290FFE71000C1909 /* CopyFiles */,
			);
			buildRules = (
			);
			dependencies = (
			);
			name = "Lean-C";
			productName = "Lean-C";
			productReference = 28B2808A290FFE71000C1909 /* Lean-C */;
			productType = "com.apple.product-type.tool";
		};
		28E4350129114E1600216C1A /* Example2 */ = {
			isa = PBXNativeTarget;
			buildConfigurationList = 28E4350829114E1600216C1A /* Build configuration list for PBXNativeTarget "Example2" */;
			buildPhases = (
				28E434FE29114E1600216C1A /* Sources */,
				28E434FF29114E1600216C1A /* Frameworks */,
				28E4350029114E1600216C1A /* CopyFiles */,
			);
			buildRules = (
			);
			dependencies = (
			);
			name = Example2;
			productName = Example2;
			productReference = 28E4350229114E1600216C1A /* Example2 */;
			productType = "com.apple.product-type.tool";
		};
		28E4350C29114EC100216C1A /* Example-3 */ = {
			isa = PBXNativeTarget;
			buildConfigurationList = 28E4351129114EC100216C1A /* Build configuration list for PBXNativeTarget "Example-3" */;
			buildPhases = (
				28E4350929114EC100216C1A /* Sources */,
				28E4350A29114EC100216C1A /* Frameworks */,
				28E4350B29114EC100216C1A /* CopyFiles */,
			);
			buildRules = (
			);
			dependencies = (
			);
			name = "Example-3";
			productName = "Example-3";
			productReference = 28E4350D29114EC100216C1A /* Example-3 */;
			productType = "com.apple.product-type.tool";
		};
/* End PBXNativeTarget section */

/* Begin PBXProject section */
		28B28082290FFE70000C1909 /* Project object */ = {
			isa = PBXProject;
			attributes = {
				BuildIndependentTargetsInParallel = 1;
				LastUpgradeCheck = 1410;
				TargetAttributes = {
					28B28089290FFE71000C1909 = {
						CreatedOnToolsVersion = 14.1;
					};
					28E4350129114E1600216C1A = {
						CreatedOnToolsVersion = 14.1;
					};
					28E4350C29114EC100216C1A = {
						CreatedOnToolsVersion = 14.1;
					};
				};
			};
			buildConfigurationList = 28B28085290FFE70000C1909 /* Build configuration list for PBXProject "Lean-C" */;
			compatibilityVersion = "Xcode 14.0";
			developmentRegion = en;
			hasScannedForEncodings = 0;
			knownRegions = (
				en,
				Base,
			);
			mainGroup = 28B28081290FFE70000C1909;
			productRefGroup = 28B28081290FFE70000C1909;
			projectDirPath = "";
			projectRoot = "";
			targets = (
				28B28089290FFE71000C1909 /* Lean-C */,
				28E4350129114E1600216C1A /* Example2 */,
				28E4350C29114EC100216C1A /* Example-3 */,
			);
		};
/* End PBXProject section */

/* Begin PBXSourcesBuildPhase section */
		28B28086290FFE71000C1909 /* Sources */ = {
			isa = PBXSourcesBuildPhase;
			buildActionMask = 2147483647;
			files = (
				28A7ABF8291BE04100670DF3 /* 4_1_数据转换类型.c in Sources */,
				28E4351729116AD000216C1A /* 3_1_variable.c in Sources */,
				28C458BF291F9E8A009B4F76 /* 4_4_5_比较运算符_比较表达式.c in Sources */,
				28C458B7291F7FD5009B4F76 /* 4_4_1_算术运算符_算术表达式.c in Sources */,
				28C458B5291F5693009B4F76 /* 3_2_交换两个变量的值.c in Sources */,
				28C458B3291F1A80009B4F76 /* 4_3_scanf函数的缓冲区.c in Sources */,
				28C458BD291F9A8C009B4F76 /* 4_4_4_逗号运算符_逗号表达式.c in Sources */,
				28C458BB291F956B009B4F76 /* 4_4_3_自增自减运算符.c in Sources */,
				2832EEA3291AA0F90093D80C /* 4_3_scanf.c in Sources */,
				28C458B9291F939A009B4F76 /* 4_4_2_赋值运算符.c in Sources */,
				28A7ABFA291BE0F800670DF3 /* 4_2_printf.c in Sources */,
			);
			runOnlyForDeploymentPostprocessing = 0;
		};
		28E434FE29114E1600216C1A /* Sources */ = {
			isa = PBXSourcesBuildPhase;
			buildActionMask = 2147483647;
			files = (
				28E4350529114E1600216C1A /* 1_main.c in Sources */,
			);
			runOnlyForDeploymentPostprocessing = 0;
		};
		28E4350929114EC100216C1A /* Sources */ = {
			isa = PBXSourcesBuildPhase;
			buildActionMask = 2147483647;
			files = (
				28E4351D29116C3C00216C1A /* 2_Comment.c in Sources */,
			);
			runOnlyForDeploymentPostprocessing = 0;
		};
/* End PBXSourcesBuildPhase section */

/* Begin XCBuildConfiguration section */
		28B2808F290FFE71000C1909 /* Debug */ = {
			isa = XCBuildConfiguration;
			buildSettings = {
				ALWAYS_SEARCH_USER_PATHS = NO;
				CLANG_ANALYZER_NONNULL = YES;
				CLANG_ANALYZER_NUMBER_OBJECT_CONVERSION = YES_AGGRESSIVE;
				CLANG_CXX_LANGUAGE_STANDARD = "gnu++20";
				CLANG_ENABLE_MODULES = YES;
				CLANG_ENABLE_OBJC_ARC = YES;
				CLANG_ENABLE_OBJC_WEAK = YES;
				CLANG_WARN_BLOCK_CAPTURE_AUTORELEASING = YES;
				CLANG_WARN_BOOL_CONVERSION = YES;
				CLANG_WARN_COMMA = YES;
				CLANG_WARN_CONSTANT_CONVERSION = YES;
				CLANG_WARN_DEPRECATED_OBJC_IMPLEMENTATIONS = YES;
				CLANG_WARN_DIRECT_OBJC_ISA_USAGE = YES_ERROR;
				CLANG_WARN_DOCUMENTATION_COMMENTS = YES;
				CLANG_WARN_EMPTY_BODY = YES;
				CLANG_WARN_ENUM_CONVERSION = YES;
				CLANG_WARN_INFINITE_RECURSION = YES;
				CLANG_WARN_INT_CONVERSION = YES;
				CLANG_WARN_NON_LITERAL_NULL_CONVERSION = YES;
				CLANG_WARN_OBJC_IMPLICIT_RETAIN_SELF = YES;
				CLANG_WARN_OBJC_LITERAL_CONVERSION = YES;
				CLANG_WARN_OBJC_ROOT_CLASS = YES_ERROR;
				CLANG_WARN_QUOTED_INCLUDE_IN_FRAMEWORK_HEADER = YES;
				CLANG_WARN_RANGE_LOOP_ANALYSIS = YES;
				CLANG_WARN_STRICT_PROTOTYPES = YES;
				CLANG_WARN_SUSPICIOUS_MOVE = YES;
				CLANG_WARN_UNGUARDED_AVAILABILITY = YES_AGGRESSIVE;
				CLANG_WARN_UNREACHABLE_CODE = YES;
				CLANG_WARN__DUPLICATE_METHOD_MATCH = YES;
				COPY_PHASE_STRIP = NO;
				DEBUG_INFORMATION_FORMAT = dwarf;
				ENABLE_STRICT_OBJC_MSGSEND = YES;
				ENABLE_TESTABILITY = YES;
				GCC_C_LANGUAGE_STANDARD = gnu11;
				GCC_DYNAMIC_NO_PIC = NO;
				GCC_NO_COMMON_BLOCKS = YES;
				GCC_OPTIMIZATION_LEVEL = 0;
				GCC_PREPROCESSOR_DEFINITIONS = (
					"DEBUG=1",
					"$(inherited)",
				);
				GCC_WARN_64_TO_32_BIT_CONVERSION = YES;
				GCC_WARN_ABOUT_RETURN_TYPE = YES_ERROR;
				GCC_WARN_UNDECLARED_SELECTOR = YES;
				GCC_WARN_UNINITIALIZED_AUTOS = YES_AGGRESSIVE;
				GCC_WARN_UNUSED_FUNCTION = YES;
				GCC_WARN_UNUSED_VARIABLE = YES;
				MACOSX_DEPLOYMENT_TARGET = 12.6;
				MTL_ENABLE_DEBUG_INFO = INCLUDE_SOURCE;
				MTL_FAST_MATH = YES;
				ONLY_ACTIVE_ARCH = YES;
				SDKROOT = macosx;
			};
			name = Debug;
		};
		28B28090290FFE71000C1909 /* Release */ = {
			isa = XCBuildConfiguration;
			buildSettings = {
				ALWAYS_SEARCH_USER_PATHS = NO;
				CLANG_ANALYZER_NONNULL = YES;
				CLANG_ANALYZER_NUMBER_OBJECT_CONVERSION = YES_AGGRESSIVE;
				CLANG_CXX_LANGUAGE_STANDARD = "gnu++20";
				CLANG_ENABLE_MODULES = YES;
				CLANG_ENABLE_OBJC_ARC = YES;
				CLANG_ENABLE_OBJC_WEAK = YES;
				CLANG_WARN_BLOCK_CAPTURE_AUTORELEASING = YES;
				CLANG_WARN_BOOL_CONVERSION = YES;
				CLANG_WARN_COMMA = YES;
				CLANG_WARN_CONSTANT_CONVERSION = YES;
				CLANG_WARN_DEPRECATED_OBJC_IMPLEMENTATIONS = YES;
				CLANG_WARN_DIRECT_OBJC_ISA_USAGE = YES_ERROR;
				CLANG_WARN_DOCUMENTATION_COMMENTS = YES;
				CLANG_WARN_EMPTY_BODY = YES;
				CLANG_WARN_ENUM_CONVERSION = YES;
				CLANG_WARN_INFINITE_RECURSION = YES;
				CLANG_WARN_INT_CONVERSION = YES;
				CLANG_WARN_NON_LITERAL_NULL_CONVERSION = YES;
				CLANG_WARN_OBJC_IMPLICIT_RETAIN_SELF = YES;
				CLANG_WARN_OBJC_LITERAL_CONVERSION = YES;
				CLANG_WARN_OBJC_ROOT_CLASS = YES_ERROR;
				CLANG_WARN_QUOTED_INCLUDE_IN_FRAMEWORK_HEADER = YES;
				CLANG_WARN_RANGE_LOOP_ANALYSIS = YES;
				CLANG_WARN_STRICT_PROTOTYPES = YES;
				CLANG_WARN_SUSPICIOUS_MOVE = YES;
				CLANG_WARN_UNGUARDED_AVAILABILITY = YES_AGGRESSIVE;
				CLANG_WARN_UNREACHABLE_CODE = YES;
				CLANG_WARN__DUPLICATE_METHOD_MATCH = YES;
				COPY_PHASE_STRIP = NO;
				DEBUG_INFORMATION_FORMAT = "dwarf-with-dsym";
				ENABLE_NS_ASSERTIONS = NO;
				ENABLE_STRICT_OBJC_MSGSEND = YES;
				GCC_C_LANGUAGE_STANDARD = gnu11;
				GCC_NO_COMMON_BLOCKS = YES;
				GCC_WARN_64_TO_32_BIT_CONVERSION = YES;
				GCC_WARN_ABOUT_RETURN_TYPE = YES_ERROR;
				GCC_WARN_UNDECLARED_SELECTOR = YES;
				GCC_WARN_UNINITIALIZED_AUTOS = YES_AGGRESSIVE;
				GCC_WARN_UNUSED_FUNCTION = YES;
				GCC_WARN_UNUSED_VARIABLE = YES;
				MACOSX_DEPLOYMENT_TARGET = 12.6;
				MTL_ENABLE_DEBUG_INFO = NO;
				MTL_FAST_MATH = YES;
				SDKROOT = macosx;
			};
			name = Release;
		};
		28B28092290FFE71000C1909 /* Debug */ = {
			isa = XCBuildConfiguration;
			buildSettings = {
				CODE_SIGN_STYLE = Automatic;
				DEVELOPMENT_TEAM = VZYZW6949U;
				ENABLE_HARDENED_RUNTIME = YES;
				PRODUCT_NAME = "$(TARGET_NAME)";
			};
			name = Debug;
		};
		28B28093290FFE71000C1909 /* Release */ = {
			isa = XCBuildConfiguration;
			buildSettings = {
				CODE_SIGN_STYLE = Automatic;
				DEVELOPMENT_TEAM = VZYZW6949U;
				ENABLE_HARDENED_RUNTIME = YES;
				PRODUCT_NAME = "$(TARGET_NAME)";
			};
			name = Release;
		};
		28E4350629114E1600216C1A /* Debug */ = {
			isa = XCBuildConfiguration;
			buildSettings = {
				CODE_SIGN_STYLE = Automatic;
				DEVELOPMENT_TEAM = VZYZW6949U;
				ENABLE_HARDENED_RUNTIME = YES;
				PRODUCT_NAME = "$(TARGET_NAME)";
			};
			name = Debug;
		};
		28E4350729114E1600216C1A /* Release */ = {
			isa = XCBuildConfiguration;
			buildSettings = {
				CODE_SIGN_STYLE = Automatic;
				DEVELOPMENT_TEAM = VZYZW6949U;
				ENABLE_HARDENED_RUNTIME = YES;
				PRODUCT_NAME = "$(TARGET_NAME)";
			};
			name = Release;
		};
		28E4351229114EC100216C1A /* Debug */ = {
			isa = XCBuildConfiguration;
			buildSettings = {
				CODE_SIGN_STYLE = Automatic;
				DEVELOPMENT_TEAM = VZYZW6949U;
				ENABLE_HARDENED_RUNTIME = YES;
				PRODUCT_NAME = "$(TARGET_NAME)";
			};
			name = Debug;
		};
		28E4351329114EC100216C1A /* Release */ = {
			isa = XCBuildConfiguration;
			buildSettings = {
				CODE_SIGN_STYLE = Automatic;
				DEVELOPMENT_TEAM = VZYZW6949U;
				ENABLE_HARDENED_RUNTIME = YES;
				PRODUCT_NAME = "$(TARGET_NAME)";
			};
			name = Release;
		};
/* End XCBuildConfiguration section */

/* Begin XCConfigurationList section */
		28B28085290FFE70000C1909 /* Build configuration list for PBXProject "Lean-C" */ = {
			isa = XCConfigurationList;
			buildConfigurations = (
				28B2808F290FFE71000C1909 /* Debug */,
				28B28090290FFE71000C1909 /* Release */,
			);
			defaultConfigurationIsVisible = 0;
			defaultConfigurationName = Release;
		};
		28B28091290FFE71000C1909 /* Build configuration list for PBXNativeTarget "Lean-C" */ = {
			isa = XCConfigurationList;
			buildConfigurations = (
				28B28092290FFE71000C1909 /* Debug */,
				28B28093290FFE71000C1909 /* Release */,
			);
			defaultConfigurationIsVisible = 0;
			defaultConfigurationName = Release;
		};
		28E4350829114E1600216C1A /* Build configuration list for PBXNativeTarget "Example2" */ = {
			isa = XCConfigurationList;
			buildConfigurations = (
				28E4350629114E1600216C1A /* Debug */,
				28E4350729114E1600216C1A /* Release */,
			);
			defaultConfigurationIsVisible = 0;
			defaultConfigurationName = Release;
		};
		28E4351129114EC100216C1A /* Build configuration list for PBXNativeTarget "Example-3" */ = {
			isa = XCConfigurationList;
			buildConfigurations = (
				28E4351229114EC100216C1A /* Debug */,
				28E4351329114EC100216C1A /* Release */,
			);
			defaultConfigurationIsVisible = 0;
			defaultConfigurationName = Release;
		};
/* End XCConfigurationList section */
	};
	rootObject = 28B28082290FFE70000C1909 /* Project object */;
}
